Microsoft Visual Studio Solution File, Format Version 12.00
# Visual Studio Version 17
VisualStudioVersion = 17.5.2.0
MinimumVisualStudioVersion = 10.0.40219.1
Project("{FAE04EC0-301F-11D3-BF4B-00C04F79EFBC}") = "ContactListAutomation", "ContactListAutomation\ContactListAutomation.csproj", "{B932DD9F-D533-04B3-8AAE-A23D113AA947}"
EndProject
Global
	GlobalSection(SolutionConfigurationPlatforms) = preSolution
		Debug|Any CPU = Debug|Any CPU
		Release|Any CPU = Release|Any CPU
	EndGlobalSection
	GlobalSection(ProjectConfigurationPlatforms) = postSolution
		{B932DD9F-D533-04B3-8AAE-A23D113AA947}.Debug|Any CPU.ActiveCfg = Debug|Any CPU
		{B932DD9F-D533-04B3-8AAE-A23D113AA947}.Debug|Any CPU.Build.0 = Debug|Any CPU
		{B932DD9F-D533-04B3-8AAE-A23D113AA947}.Release|Any CPU.ActiveCfg = Release|Any CPU
		{B932DD9F-D533-04B3-8AAE-A23D113AA947}.Release|Any CPU.Build.0 = Release|Any CPU
	EndGlobalSection
	GlobalSection(SolutionProperties) = preSolution
		HideSolutionNode = FALSE
	EndGlobalSection
	GlobalSection(ExtensibilityGlobals) = postSolution
		SolutionGuid = {6C7C0B9A-F2AE-4CD4-9CDE-EA57A5D79FAC}
	EndGlobalSection
EndGlobal
